
Microsoft Visual Studio Solution File, Format Version 12.00
# Visual Studio Version 17
VisualStudioVersion = 17.10.34928.147
MinimumVisualStudioVersion = 10.0.40219.1
Project("{8BC9CEB8-8B4A-11D0-8D11-00A0C91BC942}") = "hello", "hello\hello.vcxproj", "{3EC7F931-9AC1-4A1C-AECE-AA231C89442E}"
EndProject
Project("{8BC9CEB8-8B4A-11D0-8D11-00A0C91BC942}") = "MyGame", "MyGame\MyGame.vcxproj", "{DB6E289E-7424-4CD9-ABDD-F3A0EC91A4B2}"
EndProject
Project("{8BC9CEB8-8B4A-11D0-8D11-00A0C91BC942}") = "Avoid_Star", "Avoid_Star\Avoid_Star.vcxproj", "{BC6DEC91-8CDF-487B-B4F1-F906AF984BA6}"
EndProject
Project("{8BC9CEB8-8B4A-11D0-8D11-00A0C91BC942}") = "ConsoleAdventure", "ConsoleAdventure\ConsoleAdventure.vcxproj", "{B7E872FB-9192-49BA-886C-47E93AF3375E}"
EndProject
Project("{8BC9CEB8-8B4A-11D0-8D11-00A0C91BC942}") = "MonsteDataManager", "MonsteDataManager\MonsteDataManager.vcxproj", "{F7099184-905C-42AC-A15E-D0F90B1351ED}"
EndProject
Global
	GlobalSection(SolutionConfigurationPlatforms) = preSolution
		Debug|x64 = Debug|x64
		Debug|x86 = Debug|x86
		Release|x64 = Release|x64
		Release|x86 = Release|x86
	EndGlobalSection
	GlobalSection(ProjectConfigurationPlatforms) = postSolution
		{3EC7F931-9AC1-4A1C-AECE-AA231C89442E}.Debug|x64.ActiveCfg = Debug|x64
		{3EC7F931-9AC1-4A1C-AECE-AA231C89442E}.Debug|x64.Build.0 = Debug|x64
		{3EC7F931-9AC1-4A1C-AECE-AA231C89442E}.Debug|x86.ActiveCfg = Debug|Win32
		{3EC7F931-9AC1-4A1C-AECE-AA231C89442E}.Debug|x86.Build.0 = Debug|Win32
		{3EC7F931-9AC1-4A1C-AECE-AA231C89442E}.Release|x64.ActiveCfg = Release|x64
		{3EC7F931-9AC1-4A1C-AECE-AA231C89442E}.Release|x64.Build.0 = Release|x64
		{3EC7F931-9AC1-4A1C-AECE-AA231C89442E}.Release|x86.ActiveCfg = Release|Win32
		{3EC7F931-9AC1-4A1C-AECE-AA231C89442E}.Release|x86.Build.0 = Release|Win32
		{DB6E289E-7424-4CD9-ABDD-F3A0EC91A4B2}.Debug|x64.ActiveCfg = Debug|x64
		{DB6E289E-7424-4CD9-ABDD-F3A0EC91A4B2}.Debug|x64.Build.0 = Debug|x64
		{DB6E289E-7424-4CD9-ABDD-F3A0EC91A4B2}.Debug|x86.ActiveCfg = Debug|Win32
		{DB6E289E-7424-4CD9-ABDD-F3A0EC91A4B2}.Debug|x86.Build.0 = Debug|Win32
		{DB6E289E-7424-4CD9-ABDD-F3A0EC91A4B2}.Release|x64.ActiveCfg = Release|x64
		{DB6E289E-7424-4CD9-ABDD-F3A0EC91A4B2}.Release|x64.Build.0 = Release|x64
		{DB6E289E-7424-4CD9-ABDD-F3A0EC91A4B2}.Release|x86.ActiveCfg = Release|Win32
		{DB6E289E-7424-4CD9-ABDD-F3A0EC91A4B2}.Release|x86.Build.0 = Release|Win32
		{BC6DEC91-8CDF-487B-B4F1-F906AF984BA6}.Debug|x64.ActiveCfg = Debug|x64
		{BC6DEC91-8CDF-487B-B4F1-F906AF984BA6}.Debug|x64.Build.0 = Debug|x64
		{BC6DEC91-8CDF-487B-B4F1-F906AF984BA6}.Debug|x86.ActiveCfg = Debug|Win32
		{BC6DEC91-8CDF-487B-B4F1-F906AF984BA6}.Debug|x86.Build.0 = Debug|Win32
		{BC6DEC91-8CDF-487B-B4F1-F906AF984BA6}.Release|x64.ActiveCfg = Release|x64
		{BC6DEC91-8CDF-487B-B4F1-F906AF984BA6}.Release|x64.Build.0 = Release|x64
		{BC6DEC91-8CDF-487B-B4F1-F906AF984BA6}.Release|x86.ActiveCfg = Release|Win32
		{BC6DEC91-8CDF-487B-B4F1-F906AF984BA6}.Release|x86.Build.0 = Release|Win32
		{B7E872FB-9192-49BA-886C-47E93AF3375E}.Debug|x64.ActiveCfg = Debug|x64
		{B7E872FB-9192-49BA-886C-47E93AF3375E}.Debug|x64.Build.0 = Debug|x64
		{B7E872FB-9192-49BA-886C-47E93AF3375E}.Debug|x86.ActiveCfg = Debug|Win32
		{B7E872FB-9192-49BA-886C-47E93AF3375E}.Debug|x86.Build.0 = Debug|Win32
		{B7E872FB-9192-49BA-886C-47E93AF3375E}.Release|x64.ActiveCfg = Release|x64
		{B7E872FB-9192-49BA-886C-47E93AF3375E}.Release|x64.Build.0 = Release|x64
		{B7E872FB-9192-49BA-886C-47E93AF3375E}.Release|x86.ActiveCfg = Release|Win32
		{B7E872FB-9192-49BA-886C-47E93AF3375E}.Release|x86.Build.0 = Release|Win32
		{F7099184-905C-42AC-A15E-D0F90B1351ED}.Debug|x64.ActiveCfg = Debug|x64
		{F7099184-905C-42AC-A15E-D0F90B1351ED}.Debug|x64.Build.0 = Debug|x64
		{F7099184-905C-42AC-A15E-D0F90B1351ED}.Debug|x86.ActiveCfg = Debug|Win32
		{F7099184-905C-42AC-A15E-D0F90B1351ED}.Debug|x86.Build.0 = Debug|Win32
		{F7099184-905C-42AC-A15E-D0F90B1351ED}.Release|x64.ActiveCfg = Release|x64
		{F7099184-905C-42AC-A15E-D0F90B1351ED}.Release|x64.Build.0 = Release|x64
		{F7099184-905C-42AC-A15E-D0F90B1351ED}.Release|x86.ActiveCfg = Release|Win32
		{F7099184-905C-42AC-A15E-D0F90B1351ED}.Release|x86.Build.0 = Release|Win32
	EndGlobalSection
	GlobalSection(SolutionProperties) = preSolution
		HideSolutionNode = FALSE
	EndGlobalSection
	GlobalSection(ExtensibilityGlobals) = postSolution
		SolutionGuid = {C61C05A2-6525-4C56-8428-E3192C40F4EA}
	EndGlobalSection
EndGlobal
